
Microsoft Visual Studio Solution File, Format Version 12.00
# Visual Studio Version 17
VisualStudioVersion = 17.0.31903.59
MinimumVisualStudioVersion = 10.0.40219.1
Project("{FAE04EC0-301F-11D3-BF4B-00C04F79EFBC}") = "telegram-bot-groupagree", "src\telegram-bot-groupagree.csproj", "{675F0BB2-B116-41A9-B95A-42CF85B2B65D}"
EndProject
Project("{FAE04EC0-301F-11D3-BF4B-00C04F79EFBC}") = "groupagree-tests", "tests\groupagree-tests.csproj", "{28A2DACD-3057-4E46-829E-1744FDA386EF}"
EndProject
Global
	GlobalSection(SolutionConfigurationPlatforms) = preSolution
		Debug|Any CPU = Debug|Any CPU
		Release|Any CPU = Release|Any CPU
	EndGlobalSection
	GlobalSection(SolutionProperties) = preSolution
		HideSolutionNode = FALSE
	EndGlobalSection
	GlobalSection(ProjectConfigurationPlatforms) = postSolution
		{675F0BB2-B116-41A9-B95A-42CF85B2B65D}.Debug|Any CPU.ActiveCfg = Debug|Any CPU
		{675F0BB2-B116-41A9-B95A-42CF85B2B65D}.Debug|Any CPU.Build.0 = Debug|Any CPU
		{675F0BB2-B116-41A9-B95A-42CF85B2B65D}.Release|Any CPU.ActiveCfg = Release|Any CPU
		{675F0BB2-B116-41A9-B95A-42CF85B2B65D}.Release|Any CPU.Build.0 = Release|Any CPU
		{28A2DACD-3057-4E46-829E-1744FDA386EF}.Debug|Any CPU.ActiveCfg = Debug|Any CPU
		{28A2DACD-3057-4E46-829E-1744FDA386EF}.Debug|Any CPU.Build.0 = Debug|Any CPU
		{28A2DACD-3057-4E46-829E-1744FDA386EF}.Release|Any CPU.ActiveCfg = Release|Any CPU
		{28A2DACD-3057-4E46-829E-1744FDA386EF}.Release|Any CPU.Build.0 = Release|Any CPU
	EndGlobalSection
EndGlobal
